
Microsoft Visual Studio Solution File, Format Version 12.00
# Visual Studio Version 16
VisualStudioVersion = 16.0.31205.134
MinimumVisualStudioVersion = 10.0.40219.1
Project("{FAE04EC0-301F-11D3-BF4B-00C04F79EFBC}") = "RetiledStart", "RetiledStart\RetiledStart.csproj", "{ECB2A8F6-DFCC-4489-AB75-E75C9C8886BA}"
EndProject
Global
	GlobalSection(SolutionConfigurationPlatforms) = preSolution
		Debug|Any CPU = Debug|Any CPU
		Release|Any CPU = Release|Any CPU
	EndGlobalSection
	GlobalSection(ProjectConfigurationPlatforms) = postSolution
		{ECB2A8F6-DFCC-4489-AB75-E75C9C8886BA}.Debug|Any CPU.ActiveCfg = Debug|Any CPU
		{ECB2A8F6-DFCC-4489-AB75-E75C9C8886BA}.Debug|Any CPU.Build.0 = Debug|Any CPU
		{ECB2A8F6-DFCC-4489-AB75-E75C9C8886BA}.Release|Any CPU.ActiveCfg = Release|Any CPU
		{ECB2A8F6-DFCC-4489-AB75-E75C9C8886BA}.Release|Any CPU.Build.0 = Release|Any CPU
	EndGlobalSection
	GlobalSection(SolutionProperties) = preSolution
		HideSolutionNode = FALSE
	EndGlobalSection
	GlobalSection(ExtensibilityGlobals) = postSolution
		SolutionGuid = {4257A2BF-3084-4957-A866-EE067BA66286}
	EndGlobalSection
EndGlobal
